
Microsoft Visual Studio Solution File, Format Version 12.00
# Visual Studio 2013
VisualStudioVersion = 12.0.21005.1
MinimumVisualStudioVersion = 10.0.40219.1
Project("{FAE04EC0-301F-11D3-BF4B-00C04F79EFBC}") = "Winer.Portal", "Winer.Portal.csproj", "{E9F57180-BBBD-4978-ABE6-2044F112463E}"
EndProject
Project("{FAE04EC0-301F-11D3-BF4B-00C04F79EFBC}") = "WinBase", "..\..\..\TFS\Winer\Dev\Live\WinBase\WinBase.csproj", "{3EB0AE6C-E1F7-47C2-8724-0BC591A4BE98}"
EndProject
Global
	GlobalSection(SolutionConfigurationPlatforms) = preSolution
		Debug|Any CPU = Debug|Any CPU
		Release|Any CPU = Release|Any CPU
	EndGlobalSection
	GlobalSection(ProjectConfigurationPlatforms) = postSolution
		{E9F57180-BBBD-4978-ABE6-2044F112463E}.Debug|Any CPU.ActiveCfg = Debug|Any CPU
		{E9F57180-BBBD-4978-ABE6-2044F112463E}.Debug|Any CPU.Build.0 = Debug|Any CPU
		{E9F57180-BBBD-4978-ABE6-2044F112463E}.Release|Any CPU.ActiveCfg = Release|Any CPU
		{E9F57180-BBBD-4978-ABE6-2044F112463E}.Release|Any CPU.Build.0 = Release|Any CPU
		{3EB0AE6C-E1F7-47C2-8724-0BC591A4BE98}.Debug|Any CPU.ActiveCfg = Debug|Any CPU
		{3EB0AE6C-E1F7-47C2-8724-0BC591A4BE98}.Debug|Any CPU.Build.0 = Debug|Any CPU
		{3EB0AE6C-E1F7-47C2-8724-0BC591A4BE98}.Release|Any CPU.ActiveCfg = Release|Any CPU
		{3EB0AE6C-E1F7-47C2-8724-0BC591A4BE98}.Release|Any CPU.Build.0 = Release|Any CPU
	EndGlobalSection
	GlobalSection(SolutionProperties) = preSolution
		HideSolutionNode = FALSE
	EndGlobalSection
EndGlobal
